PODS:
  - audioplayers (0.0.1):
    - FlutterMacOS
  - bytedesk_kefu (0.0.1):
    - FlutterMacOS
  - devicelocale (0.0.1):
    - FlutterMacOS
  - FlutterMacOS (1.0.0)
  - FMDB (2.7.5):
    - FMDB/standard (= 2.7.5)
  - FMDB/standard (2.7.5)
  - package_info (0.0.1):
    - FlutterMacOS
  - path_provider_foundation (0.0.1):
    - Flutter
    - FlutterMacOS
  - shared_preferences_foundation (0.0.1):
    - Flutter
    - FlutterMacOS
  - sqflite (0.0.2):
    - FlutterMacOS
    - FMDB (>= 2.7.5)
  - url_launcher_macos (0.0.1):
    - FlutterMacOS
  - wakelock_macos (0.0.1):
    - FlutterMacOS

DEPENDENCIES:
  - audioplayers (from `Flutter/ephemeral/.symlinks/plugins/audioplayers/macos`)
  - bytedesk_kefu (from `Flutter/ephemeral/.symlinks/plugins/bytedesk_kefu/macos`)
  - devicelocale (from `Flutter/ephemeral/.symlinks/plugins/devicelocale/macos`)
  - FlutterMacOS (from `Flutter/ephemeral`)
  - package_info (from `Flutter/ephemeral/.symlinks/plugins/package_info/macos`)
  - path_provider_foundation (from `Flutter/ephemeral/.symlinks/plugins/path_provider_foundation/macos`)
  - shared_preferences_foundation (from `Flutter/ephemeral/.symlinks/plugins/shared_preferences_foundation/macos`)
  - sqflite (from `Flutter/ephemeral/.symlinks/plugins/sqflite/macos`)
  - url_launcher_macos (from `Flutter/ephemeral/.symlinks/plugins/url_launcher_macos/macos`)
  - wakelock_macos (from `Flutter/ephemeral/.symlinks/plugins/wakelock_macos/macos`)

SPEC REPOS:
  trunk:
    - FMDB

EXTERNAL SOURCES:
  audioplayers:
    :path: Flutter/ephemeral/.symlinks/plugins/audioplayers/macos
  bytedesk_kefu:
    :path: Flutter/ephemeral/.symlinks/plugins/bytedesk_kefu/macos
  devicelocale:
    :path: Flutter/ephemeral/.symlinks/plugins/devicelocale/macos
  FlutterMacOS:
    :path: Flutter/ephemeral
  package_info:
    :path: Flutter/ephemeral/.symlinks/plugins/package_info/macos
  path_provider_foundation:
    :path: Flutter/ephemeral/.symlinks/plugins/path_provider_foundation/macos
  shared_preferences_foundation:
    :path: Flutter/ephemeral/.symlinks/plugins/shared_preferences_foundation/macos
  sqflite:
    :path: Flutter/ephemeral/.symlinks/plugins/sqflite/macos
  url_launcher_macos:
    :path: Flutter/ephemeral/.symlinks/plugins/url_launcher_macos/macos
  wakelock_macos:
    :path: Flutter/ephemeral/.symlinks/plugins/wakelock_macos/macos

SPEC CHECKSUMS:
  audioplayers: bb0323c6aae8a47062cdffc6c9f8a29f604d47b7
  bytedesk_kefu: 640e476058d7e1b66f7aefe30b4f796ee0cce03c
  devicelocale: 7215beb1791705a17d85588bdb0f8054d602069d
  FlutterMacOS: ae6af50a8ea7d6103d888583d46bd8328a7e9811
  FMDB: 2ce00b547f966261cd18927a3ddb07cb6f3db82a
  package_info: 625f8f14fc7e8d9b16276d18a72163c722e57929
  path_provider_foundation: 779d6f57e23c1654d7bbc80538d9a445efb876cb
  shared_preferences_foundation: 6ba071dca4c6b27a4171cebbb1d52a8d3af9496f
  sqflite: 5c95035b48b4152774f4c67ed811f217917bdb47
  url_launcher_macos: 4451108d8be731c747ac060de15ade9ba9c8209f
  wakelock_macos: 8dafd5425dcdb437fc5a98db9c88198d4e74ff03

PODFILE CHECKSUM: a884f6dd3f7494f3892ee6c81feea3a3abbf9153

COCOAPODS: 1.11.3
